
Microsoft Visual Studio Solution File, Format Version 12.00
# Visual Studio Version 17
VisualStudioVersion = 17.14.36109.1 d17.14
MinimumVisualStudioVersion = 10.0.40219.1
Project("{FAE04EC0-301F-11D3-BF4B-00C04F79EFBC}") = "PM_Ban_Do_An_Nhanh", "PM_Ban_Do_An_Nhanh\PM_Ban_Do_An_Nhanh.csproj", "{A8D14EF6-5A90-46FB-8EB2-AF8C195D539C}"
EndProject
Global
	GlobalSection(SolutionConfigurationPlatforms) = preSolution
		Debug|Any CPU = Debug|Any CPU
		Release|Any CPU = Release|Any CPU
	EndGlobalSection
	GlobalSection(ProjectConfigurationPlatforms) = postSolution
		{A8D14EF6-5A90-46FB-8EB2-AF8C195D539C}.Debug|Any CPU.ActiveCfg = Debug|Any CPU
		{A8D14EF6-5A90-46FB-8EB2-AF8C195D539C}.Debug|Any CPU.Build.0 = Debug|Any CPU
		{A8D14EF6-5A90-46FB-8EB2-AF8C195D539C}.Release|Any CPU.ActiveCfg = Release|Any CPU
		{A8D14EF6-5A90-46FB-8EB2-AF8C195D539C}.Release|Any CPU.Build.0 = Release|Any CPU
	EndGlobalSection
	GlobalSection(SolutionProperties) = preSolution
		HideSolutionNode = FALSE
	EndGlobalSection
	GlobalSection(ExtensibilityGlobals) = postSolution
		SolutionGuid = {FE0235BD-4313-448B-A19B-1EC46F47217D}
	EndGlobalSection
EndGlobal
